{
    "name": "rest-api-errors",
    "version": "1.3.1",
    "lockfileVersion": 3,
    "requires": true,
    "packages": {
        "": {
            "name": "rest-api-errors",
            "version": "1.3.1",
            "license": "MIT",
            "devDependencies": {
                "uniq": "^1.0.1"
            }
        },
        "node_modules/uniq": {
            "version": "1.0.1",
            "resolved": "https://registry.npmjs.org/uniq/-/uniq-1.0.1.tgz",
            "integrity": "sha512-Gw+zz50YNKPDKXs+9d+aKAjVwpjNwqzvNpLigIruT4HA9lMZNdMqs9x07kKHB/L9WRzqp4+DlTU5s4wG2esdoA==",
            "dev": true
        }
    }
}
